// !$*UTF8*$!
{
	archiveVersion = 1;
	classes = {
	};
	objectVersion = 50;
	objects = {

/* Begin PBXBuildFile section */
		54CA255B2EF0297EA5B4505F /* Pods_Setting.framework in Frameworks */ = {isa = PBXBuildFile; fileRef = 33296E29F07D0AFE9916B159 /* Pods_Setting.framework */; };
		B726645C27BA1BE8005ABE90 /* RegisterPasswordViewController.swift in Sources */ = {isa = PBXBuildFile; fileRef = B726645B27BA1BE8005ABE90 /* RegisterPasswordViewController.swift */; };
		B726645E27BA1BFF005ABE90 /* RegisterPasswordOtpViewController.swift in Sources */ = {isa = PBXBuildFile; fileRef = B726645D27BA1BFF005ABE90 /* RegisterPasswordOtpViewController.swift */; };
		B726646527BA3708005ABE90 /* RegisterPasswordTableViewCell.swift in Sources */ = {isa = PBXBuildFile; fileRef = B726646327BA3708005ABE90 /* RegisterPasswordTableViewCell.swift */; };
		B726646627BA3708005ABE90 /* RegisterPasswordTableViewCell.xib in Resources */ = {isa = PBXBuildFile; fileRef = B726646427BA3708005ABE90 /* RegisterPasswordTableViewCell.xib */; };
		B726646927BA3750005ABE90 /* RegisterPasswordOtpTableViewCell.swift in Sources */ = {isa = PBXBuildFile; fileRef = B726646727BA3750005ABE90 /* RegisterPasswordOtpTableViewCell.swift */; };
		B726646A27BA3750005ABE90 /* RegisterPasswordOtpTableViewCell.xib in Resources */ = {isa = PBXBuildFile; fileRef = B726646827BA3750005ABE90 /* RegisterPasswordOtpTableViewCell.xib */; };
		B726646E27BA4DFA005ABE90 /* RegisterPasswordOtpViewModel.swift in Sources */ = {isa = PBXBuildFile; fileRef = B726646D27BA4DF9005ABE90 /* RegisterPasswordOtpViewModel.swift */; };
		B743385B26D6453D004BBC05 /* PreferredLanguageTableViewCell.swift in Sources */ = {isa = PBXBuildFile; fileRef = B743385926D6453D004BBC05 /* PreferredLanguageTableViewCell.swift */; };
		B743385C26D6453D004BBC05 /* PreferredLanguageTableViewCell.xib in Resources */ = {isa = PBXBuildFile; fileRef = B743385A26D6453D004BBC05 /* PreferredLanguageTableViewCell.xib */; };
		B743385F26D8DC38004BBC05 /* DeleteAccountViewController.swift in Sources */ = {isa = PBXBuildFile; fileRef = B743385E26D8DC38004BBC05 /* DeleteAccountViewController.swift */; };
		B743386126D8DCE7004BBC05 /* AccountSettingViewController.swift in Sources */ = {isa = PBXBuildFile; fileRef = B743386026D8DCE7004BBC05 /* AccountSettingViewController.swift */; };
		B743386426D8DF3B004BBC05 /* SettingAccountTableViewCell.swift in Sources */ = {isa = PBXBuildFile; fileRef = B743386226D8DF3B004BBC05 /* SettingAccountTableViewCell.swift */; };
		B743386526D8DF3B004BBC05 /* SettingAccountTableViewCell.xib in Resources */ = {isa = PBXBuildFile; fileRef = B743386326D8DF3B004BBC05 /* SettingAccountTableViewCell.xib */; };
		B743386726D8E297004BBC05 /* AccountSettingViewModel.swift in Sources */ = {isa = PBXBuildFile; fileRef = B743386626D8E297004BBC05 /* AccountSettingViewModel.swift */; };
		B743386926D90695004BBC05 /* DeleteAccountDetailViewController.swift in Sources */ = {isa = PBXBuildFile; fileRef = B743386826D90695004BBC05 /* DeleteAccountDetailViewController.swift */; };
		B743386D26D90B19004BBC05 /* ConfirmDeleteHeaderTableViewCell.swift in Sources */ = {isa = PBXBuildFile; fileRef = B743386B26D90B19004BBC05 /* ConfirmDeleteHeaderTableViewCell.swift */; };
		B743386E26D90B19004BBC05 /* ConfirmDeleteHeaderTableViewCell.xib in Resources */ = {isa = PBXBuildFile; fileRef = B743386C26D90B19004BBC05 /* ConfirmDeleteHeaderTableViewCell.xib */; };
		B743387326D90DEA004BBC05 /* AccountListTableViewCell.swift in Sources */ = {isa = PBXBuildFile; fileRef = B743387126D90DEA004BBC05 /* AccountListTableViewCell.swift */; };
		B743387426D90DEA004BBC05 /* AccountListTableViewCell.xib in Resources */ = {isa = PBXBuildFile; fileRef = B743387226D90DEA004BBC05 /* AccountListTableViewCell.xib */; };
		B743387726D91CAB004BBC05 /* DeleteAccountPasswordTableViewCell.swift in Sources */ = {isa = PBXBuildFile; fileRef = B743387526D91CAB004BBC05 /* DeleteAccountPasswordTableViewCell.swift */; };
		B743387826D91CAB004BBC05 /* DeleteAccountPasswordTableViewCell.xib in Resources */ = {isa = PBXBuildFile; fileRef = B743387626D91CAB004BBC05 /* DeleteAccountPasswordTableViewCell.xib */; };
		B743387A26D920F0004BBC05 /* DeleteAccountSuccessViewController.swift in Sources */ = {isa = PBXBuildFile; fileRef = B743387926D920F0004BBC05 /* DeleteAccountSuccessViewController.swift */; };
		B74338A526DE33C4004BBC05 /* Authen.framework in Frameworks */ = {isa = PBXBuildFile; fileRef = B74338A426DE33C4004BBC05 /* Authen.framework */; };
		B75E5B2527ABC2E600B6CC14 /* Ads.framework in Frameworks */ = {isa = PBXBuildFile; fileRef = B75E5B2427ABC2E600B6CC14 /* Ads.framework */; };
		B779D94327B4C92A008C8670 /* VerifyMobileViewController.swift in Sources */ = {isa = PBXBuildFile; fileRef = B779D94227B4C92A008C8670 /* VerifyMobileViewController.swift */; };
		B779D94727B4CB19008C8670 /* VerifyMobileTableViewCell.swift in Sources */ = {isa = PBXBuildFile; fileRef = B779D94527B4CB19008C8670 /* VerifyMobileTableViewCell.swift */; };
		B779D94827B4CB19008C8670 /* VerifyMobileTableViewCell.xib in Resources */ = {isa = PBXBuildFile; fileRef = B779D94627B4CB19008C8670 /* VerifyMobileTableViewCell.xib */; };
		B779D95527B4D659008C8670 /* Assets.xcassets in Resources */ = {isa = PBXBuildFile; fileRef = B779D95427B4D659008C8670 /* Assets.xcassets */; };
		B779D95727B4F36B008C8670 /* VerifyMobileOtpViewController.swift in Sources */ = {isa = PBXBuildFile; fileRef = B779D95627B4F36B008C8670 /* VerifyMobileOtpViewController.swift */; };
		B779D96027B510FA008C8670 /* VerifyMobileOtpTableViewCell.swift in Sources */ = {isa = PBXBuildFile; fileRef = B779D95E27B510FA008C8670 /* VerifyMobileOtpTableViewCell.swift */; };
		B779D96127B510FA008C8670 /* VerifyMobileOtpTableViewCell.xib in Resources */ = {isa = PBXBuildFile; fileRef = B779D95F27B510FA008C8670 /* VerifyMobileOtpTableViewCell.xib */; };
		B779D96327B54948008C8670 /* VerifyMobileSuccessViewController.swift in Sources */ = {isa = PBXBuildFile; fileRef = B779D96227B54948008C8670 /* VerifyMobileSuccessViewController.swift */; };
		B7866369274B8D1000B13EEF /* SocialTableViewCell.swift in Sources */ = {isa = PBXBuildFile; fileRef = B7866367274B8D1000B13EEF /* SocialTableViewCell.swift */; };
		B786636A274B8D1000B13EEF /* SocialTableViewCell.xib in Resources */ = {isa = PBXBuildFile; fileRef = B7866368274B8D1000B13EEF /* SocialTableViewCell.xib */; };
		B7A11BF327B60DD200D00F3A /* VerifyMobileOtpViewModel.swift in Sources */ = {isa = PBXBuildFile; fileRef = B7A11BF227B60DD200D00F3A /* VerifyMobileOtpViewModel.swift */; };
		B7AF660B26F24F5800BDE9C4 /* Profile.framework in Frameworks */ = {isa = PBXBuildFile; fileRef = B7AF660A26F24F5800BDE9C4 /* Profile.framework */; };
		B7AF666826F4385800BDE9C4 /* Notification.framework in Frameworks */ = {isa = PBXBuildFile; fileRef = B7AF666726F4385800BDE9C4 /* Notification.framework */; };
		B7B417A227CA802500EA82A8 /* DeleteAccountViewModel.swift in Sources */ = {isa = PBXBuildFile; fileRef = B7B417A127CA802500EA82A8 /* DeleteAccountViewModel.swift */; };
		B7B87C3427F193F4003284C6 /* Farming.framework in Frameworks */ = {isa = PBXBuildFile; fileRef = B7B87C3327F193F3003284C6 /* Farming.framework */; };
		B7C252B426D3915400ACBB84 /* Setting.h in Headers */ = {isa = PBXBuildFile; fileRef = B7C252B226D3915400ACBB84 /* Setting.h */; settings = {ATTRIBUTES = (Public, ); }; };
		B7C252C326D3944E00ACBB84 /* Setting.storyboard in Resources */ = {isa = PBXBuildFile; fileRef = B7C252C226D3944E00ACBB84 /* Setting.storyboard */; };
		B7C252C526D3946E00ACBB84 /* SettingViewController.swift in Sources */ = {isa = PBXBuildFile; fileRef = B7C252C426D3946E00ACBB84 /* SettingViewController.swift */; };
		B7C252C826D394F000ACBB84 /* SettingNibVars.swift in Sources */ = {isa = PBXBuildFile; fileRef = B7C252C726D394F000ACBB84 /* SettingNibVars.swift */; };
		B7C252CA26D3950400ACBB84 /* SettingOpener.swift in Sources */ = {isa = PBXBuildFile; fileRef = B7C252C926D3950400ACBB84 /* SettingOpener.swift */; };
		B7C252CC26D395A500ACBB84 /* Core.framework in Frameworks */ = {isa = PBXBuildFile; fileRef = B7C252CB26D395A500ACBB84 /* Core.framework */; };
		B7C252D026D395AB00ACBB84 /* Component.framework in Frameworks */ = {isa = PBXBuildFile; fileRef = B7C252CF26D395AB00ACBB84 /* Component.framework */; };
		B7C252D326D395B400ACBB84 /* Networking.framework in Frameworks */ = {isa = PBXBuildFile; fileRef = B7C252D226D395B400ACBB84 /* Networking.framework */; };
		B7C252DD26D3AB0D00ACBB84 /* NotificationTableViewCell.swift in Sources */ = {isa = PBXBuildFile; fileRef = B7C252DB26D3AB0D00ACBB84 /* NotificationTableViewCell.swift */; };
		B7C252DE26D3AB0D00ACBB84 /* NotificationTableViewCell.xib in Resources */ = {isa = PBXBuildFile; fileRef = B7C252DC26D3AB0D00ACBB84 /* NotificationTableViewCell.xib */; };
		B7C252E126D3B92F00ACBB84 /* VerifyTableViewCell.swift in Sources */ = {isa = PBXBuildFile; fileRef = B7C252DF26D3B92E00ACBB84 /* VerifyTableViewCell.swift */; };
		B7C252E226D3B92F00ACBB84 /* VerifyTableViewCell.xib in Resources */ = {isa = PBXBuildFile; fileRef = B7C252E026D3B92F00ACBB84 /* VerifyTableViewCell.xib */; };
		B7C252E526D3BC7C00ACBB84 /* PageListTableViewCell.swift in Sources */ = {isa = PBXBuildFile; fileRef = B7C252E326D3BC7C00ACBB84 /* PageListTableViewCell.swift */; };
		B7C252E626D3BC7C00ACBB84 /* PageListTableViewCell.xib in Resources */ = {isa = PBXBuildFile; fileRef = B7C252E426D3BC7C00ACBB84 /* PageListTableViewCell.xib */; };
		B7C252E926D3BDBC00ACBB84 /* PageCollectionViewCell.swift in Sources */ = {isa = PBXBuildFile; fileRef = B7C252E726D3BDBC00ACBB84 /* PageCollectionViewCell.swift */; };
		B7C252EA26D3BDBC00ACBB84 /* PageCollectionViewCell.xib in Resources */ = {isa = PBXBuildFile; fileRef = B7C252E826D3BDBC00ACBB84 /* PageCollectionViewCell.xib */; };
		B7C252EC26D3C46B00ACBB84 /* SettingViewModel.swift in Sources */ = {isa = PBXBuildFile; fileRef = B7C252EB26D3C46B00ACBB84 /* SettingViewModel.swift */; };
		B7C252EF26D3D2D000ACBB84 /* SettingTableViewCell.swift in Sources */ = {isa = PBXBuildFile; fileRef = B7C252ED26D3D2D000ACBB84 /* SettingTableViewCell.swift */; };
		B7C252F026D3D2D000ACBB84 /* SettingTableViewCell.xib in Resources */ = {isa = PBXBuildFile; fileRef = B7C252EE26D3D2D000ACBB84 /* SettingTableViewCell.xib */; };
		B7C252F326D3E15800ACBB84 /* OtherTableViewCell.swift in Sources */ = {isa = PBXBuildFile; fileRef = B7C252F126D3E15800ACBB84 /* OtherTableViewCell.swift */; };
		B7C252F426D3E15800ACBB84 /* OtherTableViewCell.xib in Resources */ = {isa = PBXBuildFile; fileRef = B7C252F226D3E15800ACBB84 /* OtherTableViewCell.xib */; };
		B7C252F926D50A5C00ACBB84 /* LanguageViewController.swift in Sources */ = {isa = PBXBuildFile; fileRef = B7C252F826D50A5C00ACBB84 /* LanguageViewController.swift */; };
		B7C252FC26D5308000ACBB84 /* Localizable.swift in Sources */ = {isa = PBXBuildFile; fileRef = B7C252FB26D5308000ACBB84 /* Localizable.swift */; };
		B7C252FF26D530F800ACBB84 /* Localizable.strings in Resources */ = {isa = PBXBuildFile; fileRef = B7C2530126D530F800ACBB84 /* Localizable.strings */; };
		B7C2530626D5365D00ACBB84 /* AppLanguageTableViewCell.swift in Sources */ = {isa = PBXBuildFile; fileRef = B7C2530426D5365D00ACBB84 /* AppLanguageTableViewCell.swift */; };
		B7C2530726D5365D00ACBB84 /* AppLanguageTableViewCell.xib in Resources */ = {isa = PBXBuildFile; fileRef = B7C2530526D5365D00ACBB84 /* AppLanguageTableViewCell.xib */; };
		B7C2530A26D53CFC00ACBB84 /* AddPreferredLanguageTableViewCell.swift in Sources */ = {isa = PBXBuildFile; fileRef = B7C2530826D53CFC00ACBB84 /* AddPreferredLanguageTableViewCell.swift */; };
		B7C2530B26D53CFC00ACBB84 /* AddPreferredLanguageTableViewCell.xib in Resources */ = {isa = PBXBuildFile; fileRef = B7C2530926D53CFC00ACBB84 /* AddPreferredLanguageTableViewCell.xib */; };
		B7C2531026D5449B00ACBB84 /* LanguageViewModel.swift in Sources */ = {isa = PBXBuildFile; fileRef = B7C2530F26D5449B00ACBB84 /* LanguageViewModel.swift */; };
		B7C2531226D54A3E00ACBB84 /* SelectLanguageViewController.swift in Sources */ = {isa = PBXBuildFile; fileRef = B7C2531126D54A3E00ACBB84 /* SelectLanguageViewController.swift */; };
		B7C2531426D54AA300ACBB84 /* SelectLanguageViewModel.swift in Sources */ = {isa = PBXBuildFile; fileRef = B7C2531326D54AA300ACBB84 /* SelectLanguageViewModel.swift */; };
		B7C2531726D54E9B00ACBB84 /* SelectLanguageTableViewCell.swift in Sources */ = {isa = PBXBuildFile; fileRef = B7C2531526D54E9B00ACBB84 /* SelectLanguageTableViewCell.swift */; };
		B7C2531826D54E9B00ACBB84 /* SelectLanguageTableViewCell.xib in Resources */ = {isa = PBXBuildFile; fileRef = B7C2531626D54E9B00ACBB84 /* SelectLanguageTableViewCell.xib */; };
		B7FA199A27B3A1F500C69D37 /* SettingSocialAccountTableViewCell.swift in Sources */ = {isa = PBXBuildFile; fileRef = B7FA199827B3A1F500C69D37 /* SettingSocialAccountTableViewCell.swift */; };
		B7FA199B27B3A1F500C69D37 /* SettingSocialAccountTableViewCell.xib in Resources */ = {isa = PBXBuildFile; fileRef = B7FA199927B3A1F500C69D37 /* SettingSocialAccountTableViewCell.xib */; };
		F688D83D288158EF00DEAE40 /* RegisterEmailViewController.swift in Sources */ = {isa = PBXBuildFile; fileRef = F688D83C288158EF00DEAE40 /* RegisterEmailViewController.swift */; };
		F688D841288159A200DEAE40 /* RegisterEmailTableViewCell.swift in Sources */ = {isa = PBXBuildFile; fileRef = F688D83F288159A200DEAE40 /* RegisterEmailTableViewCell.swift */; };
		F688D842288159A200DEAE40 /* RegisterEmailTableViewCell.xib in Resources */ = {isa = PBXBuildFile; fileRef = F688D840288159A200DEAE40 /* RegisterEmailTableViewCell.xib */; };
		F688D844288161F100DEAE40 /* RegisterEmailViewModel.swift in Sources */ = {isa = PBXBuildFile; fileRef = F688D843288161F100DEAE40 /* RegisterEmailViewModel.swift */; };
		F688D846288166BF00DEAE40 /* RegisterEmailSuccessViewController.swift in Sources */ = {isa = PBXBuildFile; fileRef = F688D845288166BF00DEAE40 /* RegisterEmailSuccessViewController.swift */; };
/* End PBXBuildFile section */

/* Begin PBXFileReference section */
		33296E29F07D0AFE9916B159 /* Pods_Setting.framework */ = {isa = PBXFileReference; explicitFileType = wrapper.framework; includeInIndex = 0; path = Pods_Setting.framework; sourceTree = BUILT_PRODUCTS_DIR; };
		55E51CBABC07E88940856F42 /* Pods-Setting.debug (development).xcconfig */ = {isa = PBXFileReference; includeInIndex = 1; lastKnownFileType = text.xcconfig; name = "Pods-Setting.debug (development).xcconfig"; path = "Target Support Files/Pods-Setting/Pods-Setting.debug (development).xcconfig"; sourceTree = "<group>"; };
		924112A5A38EDF92FF5817E9 /* Pods-Setting.debug (production).xcconfig */ = {isa = PBXFileReference; includeInIndex = 1; lastKnownFileType = text.xcconfig; name = "Pods-Setting.debug (production).xcconfig"; path = "Target Support Files/Pods-Setting/Pods-Setting.debug (production).xcconfig"; sourceTree = "<group>"; };
		B726645B27BA1BE8005ABE90 /* RegisterPasswordViewController.swift */ = {isa = PBXFileReference; lastKnownFileType = sourcecode.swift; path = RegisterPasswordViewController.swift; sourceTree = "<group>"; };
		B726645D27BA1BFF005ABE90 /* RegisterPasswordOtpViewController.swift */ = {isa = PBXFileReference; lastKnownFileType = sourcecode.swift; path = RegisterPasswordOtpViewController.swift; sourceTree = "<group>"; };
		B726646327BA3708005ABE90 /* RegisterPasswordTableViewCell.swift */ = {isa = PBXFileReference; lastKnownFileType = sourcecode.swift; path = RegisterPasswordTableViewCell.swift; sourceTree = "<group>"; };
		B726646427BA3708005ABE90 /* RegisterPasswordTableViewCell.xib */ = {isa = PBXFileReference; lastKnownFileType = file.xib; path = RegisterPasswordTableViewCell.xib; sourceTree = "<group>"; };
		B726646727BA3750005ABE90 /* RegisterPasswordOtpTableViewCell.swift */ = {isa = PBXFileReference; lastKnownFileType = sourcecode.swift; path = RegisterPasswordOtpTableViewCell.swift; sourceTree = "<group>"; };
		B726646827BA3750005ABE90 /* RegisterPasswordOtpTableViewCell.xib */ = {isa = PBXFileReference; lastKnownFileType = file.xib; path = RegisterPasswordOtpTableViewCell.xib; sourceTree = "<group>"; };
		B726646D27BA4DF9005ABE90 /* RegisterPasswordOtpViewModel.swift */ = {isa = PBXFileReference; lastKnownFileType = sourcecode.swift; path = RegisterPasswordOtpViewModel.swift; sourceTree = "<group>"; };
		B743385926D6453D004BBC05 /* PreferredLanguageTableViewCell.swift */ = {isa = PBXFileReference; lastKnownFileType = sourcecode.swift; path = PreferredLanguageTableViewCell.swift; sourceTree = "<group>"; };
		B743385A26D6453D004BBC05 /* PreferredLanguageTableViewCell.xib */ = {isa = PBXFileReference; lastKnownFileType = file.xib; path = PreferredLanguageTableViewCell.xib; sourceTree = "<group>"; };
		B743385E26D8DC38004BBC05 /* DeleteAccountViewController.swift */ = {isa = PBXFileReference; lastKnownFileType = sourcecode.swift; path = DeleteAccountViewController.swift; sourceTree = "<group>"; };
		B743386026D8DCE7004BBC05 /* AccountSettingViewController.swift */ = {isa = PBXFileReference; lastKnownFileType = sourcecode.swift; path = AccountSettingViewController.swift; sourceTree = "<group>"; };
		B743386226D8DF3B004BBC05 /* SettingAccountTableViewCell.swift */ = {isa = PBXFileReference; lastKnownFileType = sourcecode.swift; path = SettingAccountTableViewCell.swift; sourceTree = "<group>"; };
		B743386326D8DF3B004BBC05 /* SettingAccountTableViewCell.xib */ = {isa = PBXFileReference; lastKnownFileType = file.xib; path = SettingAccountTableViewCell.xib; sourceTree = "<group>"; };
		B743386626D8E297004BBC05 /* AccountSettingViewModel.swift */ = {isa = PBXFileReference; lastKnownFileType = sourcecode.swift; path = AccountSettingViewModel.swift; sourceTree = "<group>"; };
		B743386826D90695004BBC05 /* DeleteAccountDetailViewController.swift */ = {isa = PBXFileReference; lastKnownFileType = sourcecode.swift; path = DeleteAccountDetailViewController.swift; sourceTree = "<group>"; };
		B743386B26D90B19004BBC05 /* ConfirmDeleteHeaderTableViewCell.swift */ = {isa = PBXFileReference; lastKnownFileType = sourcecode.swift; path = ConfirmDeleteHeaderTableViewCell.swift; sourceTree = "<group>"; };
		B743386C26D90B19004BBC05 /* ConfirmDeleteHeaderTableViewCell.xib */ = {isa = PBXFileReference; lastKnownFileType = file.xib; path = ConfirmDeleteHeaderTableViewCell.xib; sourceTree = "<group>"; };
		B743387126D90DEA004BBC05 /* AccountListTableViewCell.swift */ = {isa = PBXFileReference; lastKnownFileType = sourcecode.swift; path = AccountListTableViewCell.swift; sourceTree = "<group>"; };
		B743387226D90DEA004BBC05 /* AccountListTableViewCell.xib */ = {isa = PBXFileReference; lastKnownFileType = file.xib; path = AccountListTableViewCell.xib; sourceTree = "<group>"; };
		B743387526D91CAB004BBC05 /* DeleteAccountPasswordTableViewCell.swift */ = {isa = PBXFileReference; lastKnownFileType = sourcecode.swift; path = DeleteAccountPasswordTableViewCell.swift; sourceTree = "<group>"; };
		B743387626D91CAB004BBC05 /* DeleteAccountPasswordTableViewCell.xib */ = {isa = PBXFileReference; lastKnownFileType = file.xib; path = DeleteAccountPasswordTableViewCell.xib; sourceTree = "<group>"; };
		B743387926D920F0004BBC05 /* DeleteAccountSuccessViewController.swift */ = {isa = PBXFileReference; lastKnownFileType = sourcecode.swift; path = DeleteAccountSuccessViewController.swift; sourceTree = "<group>"; };
		B74338A326DE310C004BBC05 /* Authen.framework */ = {isa = PBXFileReference; explicitFileType = wrapper.framework; path = Authen.framework; sourceTree = BUILT_PRODUCTS_DIR; };
		B74338A426DE33C4004BBC05 /* Authen.framework */ = {isa = PBXFileReference; explicitFileType = wrapper.framework; path = Authen.framework; sourceTree = BUILT_PRODUCTS_DIR; };
		B75E5B2427ABC2E600B6CC14 /* Ads.framework */ = {isa = PBXFileReference; explicitFileType = wrapper.framework; path = Ads.framework; sourceTree = BUILT_PRODUCTS_DIR; };
		B779D94227B4C92A008C8670 /* VerifyMobileViewController.swift */ = {isa = PBXFileReference; lastKnownFileType = sourcecode.swift; path = VerifyMobileViewController.swift; sourceTree = "<group>"; };
		B779D94527B4CB19008C8670 /* VerifyMobileTableViewCell.swift */ = {isa = PBXFileReference; lastKnownFileType = sourcecode.swift; path = VerifyMobileTableViewCell.swift; sourceTree = "<group>"; };
		B779D94627B4CB19008C8670 /* VerifyMobileTableViewCell.xib */ = {isa = PBXFileReference; lastKnownFileType = file.xib; path = VerifyMobileTableViewCell.xib; sourceTree = "<group>"; };
		B779D95427B4D659008C8670 /* Assets.xcassets */ = {isa = PBXFileReference; lastKnownFileType = folder.assetcatalog; path = Assets.xcassets; sourceTree = "<group>"; };
		B779D95627B4F36B008C8670 /* VerifyMobileOtpViewController.swift */ = {isa = PBXFileReference; lastKnownFileType = sourcecode.swift; path = VerifyMobileOtpViewController.swift; sourceTree = "<group>"; };
		B779D95E27B510FA008C8670 /* VerifyMobileOtpTableViewCell.swift */ = {isa = PBXFileReference; lastKnownFileType = sourcecode.swift; path = VerifyMobileOtpTableViewCell.swift; sourceTree = "<group>"; };
		B779D95F27B510FA008C8670 /* VerifyMobileOtpTableViewCell.xib */ = {isa = PBXFileReference; lastKnownFileType = file.xib; path = VerifyMobileOtpTableViewCell.xib; sourceTree = "<group>"; };
		B779D96227B54948008C8670 /* VerifyMobileSuccessViewController.swift */ = {isa = PBXFileReference; lastKnownFileType = sourcecode.swift; path = VerifyMobileSuccessViewController.swift; sourceTree = "<group>"; };
		B7866367274B8D1000B13EEF /* SocialTableViewCell.swift */ = {isa = PBXFileReference; lastKnownFileType = sourcecode.swift; path = SocialTableViewCell.swift; sourceTree = "<group>"; };
		B7866368274B8D1000B13EEF /* SocialTableViewCell.xib */ = {isa = PBXFileReference; lastKnownFileType = file.xib; path = SocialTableViewCell.xib; sourceTree = "<group>"; };
		B7A11BF227B60DD200D00F3A /* VerifyMobileOtpViewModel.swift */ = {isa = PBXFileReference; lastKnownFileType = sourcecode.swift; path = VerifyMobileOtpViewModel.swift; sourceTree = "<group>"; };
		B7AF660A26F24F5800BDE9C4 /* Profile.framework */ = {isa = PBXFileReference; explicitFileType = wrapper.framework; path = Profile.framework; sourceTree = BUILT_PRODUCTS_DIR; };
		B7AF666726F4385800BDE9C4 /* Notification.framework */ = {isa = PBXFileReference; explicitFileType = wrapper.framework; path = Notification.framework; sourceTree = BUILT_PRODUCTS_DIR; };
		B7B417A127CA802500EA82A8 /* DeleteAccountViewModel.swift */ = {isa = PBXFileReference; lastKnownFileType = sourcecode.swift; path = DeleteAccountViewModel.swift; sourceTree = "<group>"; };
		B7B87C3327F193F3003284C6 /* Farming.framework */ = {isa = PBXFileReference; explicitFileType = wrapper.framework; path = Farming.framework; sourceTree = BUILT_PRODUCTS_DIR; };
		B7C252AF26D3915400ACBB84 /* Setting.framework */ = {isa = PBXFileReference; explicitFileType = wrapper.framework; includeInIndex = 0; path = Setting.framework; sourceTree = BUILT_PRODUCTS_DIR; };
		B7C252B226D3915400ACBB84 /* Setting.h */ = {isa = PBXFileReference; lastKnownFileType = sourcecode.c.h; path = Setting.h; sourceTree = "<group>"; };
		B7C252B326D3915400ACBB84 /* Info.plist */ = {isa = PBXFileReference; lastKnownFileType = text.plist.xml; path = Info.plist; sourceTree = "<group>"; };
		B7C252C226D3944E00ACBB84 /* Setting.storyboard */ = {isa = PBXFileReference; lastKnownFileType = file.storyboard; path = Setting.storyboard; sourceTree = "<group>"; };
		B7C252C426D3946E00ACBB84 /* SettingViewController.swift */ = {isa = PBXFileReference; lastKnownFileType = sourcecode.swift; path = SettingViewController.swift; sourceTree = "<group>"; };
		B7C252C726D394F000ACBB84 /* SettingNibVars.swift */ = {isa = PBXFileReference; lastKnownFileType = sourcecode.swift; path = SettingNibVars.swift; sourceTree = "<group>"; };
		B7C252C926D3950400ACBB84 /* SettingOpener.swift */ = {isa = PBXFileReference; lastKnownFileType = sourcecode.swift; path = SettingOpener.swift; sourceTree = "<group>"; };
		B7C252CB26D395A500ACBB84 /* Core.framework */ = {isa = PBXFileReference; explicitFileType = wrapper.framework; path = Core.framework; sourceTree = BUILT_PRODUCTS_DIR; };
		B7C252CF26D395AB00ACBB84 /* Component.framework */ = {isa = PBXFileReference; explicitFileType = wrapper.framework; path = Component.framework; sourceTree = BUILT_PRODUCTS_DIR; };
		B7C252D226D395B400ACBB84 /* Networking.framework */ = {isa = PBXFileReference; explicitFileType = wrapper.framework; path = Networking.framework; sourceTree = BUILT_PRODUCTS_DIR; };
		B7C252DB26D3AB0D00ACBB84 /* NotificationTableViewCell.swift */ = {isa = PBXFileReference; lastKnownFileType = sourcecode.swift; path = NotificationTableViewCell.swift; sourceTree = "<group>"; };
		B7C252DC26D3AB0D00ACBB84 /* NotificationTableViewCell.xib */ = {isa = PBXFileReference; lastKnownFileType = file.xib; path = NotificationTableViewCell.xib; sourceTree = "<group>"; };
		B7C252DF26D3B92E00ACBB84 /* VerifyTableViewCell.swift */ = {isa = PBXFileReference; lastKnownFileType = sourcecode.swift; path = VerifyTableViewCell.swift; sourceTree = "<group>"; };
		B7C252E026D3B92F00ACBB84 /* VerifyTableViewCell.xib */ = {isa = PBXFileReference; lastKnownFileType = file.xib; path = VerifyTableViewCell.xib; sourceTree = "<group>"; };
		B7C252E326D3BC7C00ACBB84 /* PageListTableViewCell.swift */ = {isa = PBXFileReference; lastKnownFileType = sourcecode.swift; path = PageListTableViewCell.swift; sourceTree = "<group>"; };
		B7C252E426D3BC7C00ACBB84 /* PageListTableViewCell.xib */ = {isa = PBXFileReference; lastKnownFileType = file.xib; path = PageListTableViewCell.xib; sourceTree = "<group>"; };
		B7C252E726D3BDBC00ACBB84 /* PageCollectionViewCell.swift */ = {isa = PBXFileReference; lastKnownFileType = sourcecode.swift; path = PageCollectionViewCell.swift; sourceTree = "<group>"; };
		B7C252E826D3BDBC00ACBB84 /* PageCollectionViewCell.xib */ = {isa = PBXFileReference; lastKnownFileType = file.xib; path = PageCollectionViewCell.xib; sourceTree = "<group>"; };
		B7C252EB26D3C46B00ACBB84 /* SettingViewModel.swift */ = {isa = PBXFileReference; lastKnownFileType = sourcecode.swift; path = SettingViewModel.swift; sourceTree = "<group>"; };
		B7C252ED26D3D2D000ACBB84 /* SettingTableViewCell.swift */ = {isa = PBXFileReference; lastKnownFileType = sourcecode.swift; path = SettingTableViewCell.swift; sourceTree = "<group>"; };
		B7C252EE26D3D2D000ACBB84 /* SettingTableViewCell.xib */ = {isa = PBXFileReference; lastKnownFileType = file.xib; path = SettingTableViewCell.xib; sourceTree = "<group>"; };
		B7C252F126D3E15800ACBB84 /* OtherTableViewCell.swift */ = {isa = PBXFileReference; lastKnownFileType = sourcecode.swift; path = OtherTableViewCell.swift; sourceTree = "<group>"; };
		B7C252F226D3E15800ACBB84 /* OtherTableViewCell.xib */ = {isa = PBXFileReference; lastKnownFileType = file.xib; path = OtherTableViewCell.xib; sourceTree = "<group>"; };
		B7C252F826D50A5C00ACBB84 /* LanguageViewController.swift */ = {isa = PBXFileReference; lastKnownFileType = sourcecode.swift; path = LanguageViewController.swift; sourceTree = "<group>"; };
		B7C252FB26D5308000ACBB84 /* Localizable.swift */ = {isa = PBXFileReference; lastKnownFileType = sourcecode.swift; path = Localizable.swift; sourceTree = "<group>"; };
		B7C2530026D530F800ACBB84 /* en */ = {isa = PBXFileReference; lastKnownFileType = text.plist.strings; name = en; path = en.lproj/Localizable.strings; sourceTree = "<group>"; };
		B7C2530226D5314200ACBB84 /* th */ = {isa = PBXFileReference; lastKnownFileType = text.plist.strings; name = th; path = th.lproj/Localizable.strings; sourceTree = "<group>"; };
		B7C2530426D5365D00ACBB84 /* AppLanguageTableViewCell.swift */ = {isa = PBXFileReference; lastKnownFileType = sourcecode.swift; path = AppLanguageTableViewCell.swift; sourceTree = "<group>"; };
		B7C2530526D5365D00ACBB84 /* AppLanguageTableViewCell.xib */ = {isa = PBXFileReference; lastKnownFileType = file.xib; path = AppLanguageTableViewCell.xib; sourceTree = "<group>"; };
		B7C2530826D53CFC00ACBB84 /* AddPreferredLanguageTableViewCell.swift */ = {isa = PBXFileReference; lastKnownFileType = sourcecode.swift; path = AddPreferredLanguageTableViewCell.swift; sourceTree = "<group>"; };
		B7C2530926D53CFC00ACBB84 /* AddPreferredLanguageTableViewCell.xib */ = {isa = PBXFileReference; lastKnownFileType = file.xib; path = AddPreferredLanguageTableViewCell.xib; sourceTree = "<group>"; };
		B7C2530F26D5449B00ACBB84 /* LanguageViewModel.swift */ = {isa = PBXFileReference; lastKnownFileType = sourcecode.swift; path = LanguageViewModel.swift; sourceTree = "<group>"; };
		B7C2531126D54A3E00ACBB84 /* SelectLanguageViewController.swift */ = {isa = PBXFileReference; lastKnownFileType = sourcecode.swift; path = SelectLanguageViewController.swift; sourceTree = "<group>"; };
		B7C2531326D54AA300ACBB84 /* SelectLanguageViewModel.swift */ = {isa = PBXFileReference; lastKnownFileType = sourcecode.swift; path = SelectLanguageViewModel.swift; sourceTree = "<group>"; };
		B7C2531526D54E9B00ACBB84 /* SelectLanguageTableViewCell.swift */ = {isa = PBXFileReference; lastKnownFileType = sourcecode.swift; path = SelectLanguageTableViewCell.swift; sourceTree = "<group>"; };
		B7C2531626D54E9B00ACBB84 /* SelectLanguageTableViewCell.xib */ = {isa = PBXFileReference; lastKnownFileType = file.xib; path = SelectLanguageTableViewCell.xib; sourceTree = "<group>"; };
		B7C2531926D551DE00ACBB84 /* Authen.framework */ = {isa = PBXFileReference; explicitFileType = wrapper.framework; path = Authen.framework; sourceTree = BUILT_PRODUCTS_DIR; };
		B7FA199827B3A1F500C69D37 /* SettingSocialAccountTableViewCell.swift */ = {isa = PBXFileReference; lastKnownFileType = sourcecode.swift; path = SettingSocialAccountTableViewCell.swift; sourceTree = "<group>"; };
		B7FA199927B3A1F500C69D37 /* SettingSocialAccountTableViewCell.xib */ = {isa = PBXFileReference; lastKnownFileType = file.xib; path = SettingSocialAccountTableViewCell.xib; sourceTree = "<group>"; };
		BAC4AC43122933957DEFA40F /* Pods-Setting.debug (staging).xcconfig */ = {isa = PBXFileReference; includeInIndex = 1; lastKnownFileType = text.xcconfig; name = "Pods-Setting.debug (staging).xcconfig"; path = "Target Support Files/Pods-Setting/Pods-Setting.debug (staging).xcconfig"; sourceTree = "<group>"; };
		D4FC7016B0A506343C03F43A /* Pods-Setting.release (staging).xcconfig */ = {isa = PBXFileReference; includeInIndex = 1; lastKnownFileType = text.xcconfig; name = "Pods-Setting.release (staging).xcconfig"; path = "Target Support Files/Pods-Setting/Pods-Setting.release (staging).xcconfig"; sourceTree = "<group>"; };
		EB4AF3FA989FF6A4FEDDBE20 /* Pods-Setting.release (development).xcconfig */ = {isa = PBXFileReference; includeInIndex = 1; lastKnownFileType = text.xcconfig; name = "Pods-Setting.release (development).xcconfig"; path = "Target Support Files/Pods-Setting/Pods-Setting.release (development).xcconfig"; sourceTree = "<group>"; };
		F688D83C288158EF00DEAE40 /* RegisterEmailViewController.swift */ = {isa = PBXFileReference; lastKnownFileType = sourcecode.swift; path = RegisterEmailViewController.swift; sourceTree = "<group>"; };
		F688D83F288159A200DEAE40 /* RegisterEmailTableViewCell.swift */ = {isa = PBXFileReference; lastKnownFileType = sourcecode.swift; path = RegisterEmailTableViewCell.swift; sourceTree = "<group>"; };
		F688D840288159A200DEAE40 /* RegisterEmailTableViewCell.xib */ = {isa = PBXFileReference; lastKnownFileType = file.xib; path = RegisterEmailTableViewCell.xib; sourceTree = "<group>"; };
		F688D843288161F100DEAE40 /* RegisterEmailViewModel.swift */ = {isa = PBXFileReference; lastKnownFileType = sourcecode.swift; path = RegisterEmailViewModel.swift; sourceTree = "<group>"; };
		F688D845288166BF00DEAE40 /* RegisterEmailSuccessViewController.swift */ = {isa = PBXFileReference; lastKnownFileType = sourcecode.swift; path = RegisterEmailSuccessViewController.swift; sourceTree = "<group>"; };
		F927926DEE6C1B58E72F9815 /* Pods-Setting.release (production).xcconfig */ = {isa = PBXFileReference; includeInIndex = 1; lastKnownFileType = text.xcconfig; name = "Pods-Setting.release (production).xcconfig"; path = "Target Support Files/Pods-Setting/Pods-Setting.release (production).xcconfig"; sourceTree = "<group>"; };
/* End PBXFileReference section */

/* Begin PBXFrameworksBuildPhase section */
		B7C252AC26D3915400ACBB84 /* Frameworks */ = {
			isa = PBXFrameworksBuildPhase;
			buildActionMask = 2147483647;
			files = (
				B7AF660B26F24F5800BDE9C4 /* Profile.framework in Frameworks */,
				B7B87C3427F193F4003284C6 /* Farming.framework in Frameworks */,
				B75E5B2527ABC2E600B6CC14 /* Ads.framework in Frameworks */,
				B74338A526DE33C4004BBC05 /* Authen.framework in Frameworks */,
				B7C252D326D395B400ACBB84 /* Networking.framework in Frameworks */,
				B7AF666826F4385800BDE9C4 /* Notification.framework in Frameworks */,
				B7C252D026D395AB00ACBB84 /* Component.framework in Frameworks */,
				54CA255B2EF0297EA5B4505F /* Pods_Setting.framework in Frameworks */,
				B7C252CC26D395A500ACBB84 /* Core.framework in Frameworks */,
			);
			runOnlyForDeploymentPostprocessing = 0;
		};
/* End PBXFrameworksBuildPhase section */

/* Begin PBXGroup section */
		B5FA001515C970CC1CCF9664 /* Pods */ = {
			isa = PBXGroup;
			children = (
				924112A5A38EDF92FF5817E9 /* Pods-Setting.debug (production).xcconfig */,
				BAC4AC43122933957DEFA40F /* Pods-Setting.debug (staging).xcconfig */,
				55E51CBABC07E88940856F42 /* Pods-Setting.debug (development).xcconfig */,
				F927926DEE6C1B58E72F9815 /* Pods-Setting.release (production).xcconfig */,
				D4FC7016B0A506343C03F43A /* Pods-Setting.release (staging).xcconfig */,
				EB4AF3FA989FF6A4FEDDBE20 /* Pods-Setting.release (development).xcconfig */,
			);
			name = Pods;
			path = ../Pods;
			sourceTree = "<group>";
		};
		B726645927BA1B24005ABE90 /* Verify Password */ = {
			isa = PBXGroup;
			children = (
				B726645B27BA1BE8005ABE90 /* RegisterPasswordViewController.swift */,
				B726645D27BA1BFF005ABE90 /* RegisterPasswordOtpViewController.swift */,
			);
			path = "Verify Password";
			sourceTree = "<group>";
		};
		B726645A27BA1B36005ABE90 /* Verify Password */ = {
			isa = PBXGroup;
			children = (
				B726646327BA3708005ABE90 /* RegisterPasswordTableViewCell.swift */,
				B726646427BA3708005ABE90 /* RegisterPasswordTableViewCell.xib */,
				B726646727BA3750005ABE90 /* RegisterPasswordOtpTableViewCell.swift */,
				B726646827BA3750005ABE90 /* RegisterPasswordOtpTableViewCell.xib */,
			);
			path = "Verify Password";
			sourceTree = "<group>";
		};
		B743385D26D64AC6004BBC05 /* Language */ = {
			isa = PBXGroup;
			children = (
				B7C2530426D5365D00ACBB84 /* AppLanguageTableViewCell.swift */,
				B7C2530526D5365D00ACBB84 /* AppLanguageTableViewCell.xib */,
				B743385926D6453D004BBC05 /* PreferredLanguageTableViewCell.swift */,
				B743385A26D6453D004BBC05 /* PreferredLanguageTableViewCell.xib */,
				B7C2530826D53CFC00ACBB84 /* AddPreferredLanguageTableViewCell.swift */,
				B7C2530926D53CFC00ACBB84 /* AddPreferredLanguageTableViewCell.xib */,
				B7C2531526D54E9B00ACBB84 /* SelectLanguageTableViewCell.swift */,
				B7C2531626D54E9B00ACBB84 /* SelectLanguageTableViewCell.xib */,
			);
			path = Language;
			sourceTree = "<group>";
		};
		B743386A26D90AEA004BBC05 /* Delete Account */ = {
			isa = PBXGroup;
			children = (
				B743386B26D90B19004BBC05 /* ConfirmDeleteHeaderTableViewCell.swift */,
				B743386C26D90B19004BBC05 /* ConfirmDeleteHeaderTableViewCell.xib */,
				B743387126D90DEA004BBC05 /* AccountListTableViewCell.swift */,
				B743387226D90DEA004BBC05 /* AccountListTableViewCell.xib */,
				B743387526D91CAB004BBC05 /* DeleteAccountPasswordTableViewCell.swift */,
				B743387626D91CAB004BBC05 /* DeleteAccountPasswordTableViewCell.xib */,
			);
			path = "Delete Account";
			sourceTree = "<group>";
		};
		B779D94127B4C83C008C8670 /* Verify Mobile */ = {
			isa = PBXGroup;
			children = (
				B779D94227B4C92A008C8670 /* VerifyMobileViewController.swift */,
				B779D95627B4F36B008C8670 /* VerifyMobileOtpViewController.swift */,
				B779D96227B54948008C8670 /* VerifyMobileSuccessViewController.swift */,
			);
			path = "Verify Mobile";
			sourceTree = "<group>";
		};
		B779D94427B4CAEA008C8670 /* Verify Mobile */ = {
			isa = PBXGroup;
			children = (
				B779D94527B4CB19008C8670 /* VerifyMobileTableViewCell.swift */,
				B779D94627B4CB19008C8670 /* VerifyMobileTableViewCell.xib */,
				B779D95E27B510FA008C8670 /* VerifyMobileOtpTableViewCell.swift */,
				B779D95F27B510FA008C8670 /* VerifyMobileOtpTableViewCell.xib */,
			);
			path = "Verify Mobile";
			sourceTree = "<group>";
		};
		B779D95327B4D64B008C8670 /* Assets */ = {
			isa = PBXGroup;
			children = (
				B779D95427B4D659008C8670 /* Assets.xcassets */,
			);
			path = Assets;
			sourceTree = "<group>";
		};
		B7C252A526D3915400ACBB84 = {
			isa = PBXGroup;
			children = (
				B7C252B126D3915400ACBB84 /* Setting */,
				B7C252B026D3915400ACBB84 /* Products */,
				B5FA001515C970CC1CCF9664 /* Pods */,
				EA37D9F11EF0E5FE9778E44A /* Frameworks */,
			);
			sourceTree = "<group>";
		};
		B7C252B026D3915400ACBB84 /* Products */ = {
			isa = PBXGroup;
			children = (
				B7C252AF26D3915400ACBB84 /* Setting.framework */,
			);
			name = Products;
			sourceTree = "<group>";
		};
		B7C252B126D3915400ACBB84 /* Setting */ = {
			isa = PBXGroup;
			children = (
				B7C252B226D3915400ACBB84 /* Setting.h */,
				B7C252B326D3915400ACBB84 /* Info.plist */,
				B7C252C226D3944E00ACBB84 /* Setting.storyboard */,
				B779D95327B4D64B008C8670 /* Assets */,
				B7C252FA26D5302500ACBB84 /* Localizable */,
				B7C252F726D50A2100ACBB84 /* ViewModel */,
				B7C252F626D50A1300ACBB84 /* ViewController */,
				B7C252F526D50A0500ACBB84 /* Cell */,
				B7C252C626D394D800ACBB84 /* Utilities */,
			);
			path = Setting;
			sourceTree = "<group>";
		};
		B7C252C626D394D800ACBB84 /* Utilities */ = {
			isa = PBXGroup;
			children = (
				B7C252C726D394F000ACBB84 /* SettingNibVars.swift */,
				B7C252C926D3950400ACBB84 /* SettingOpener.swift */,
			);
			path = Utilities;
			sourceTree = "<group>";
		};
		B7C252F526D50A0500ACBB84 /* Cell */ = {
			isa = PBXGroup;
			children = (
				B743386226D8DF3B004BBC05 /* SettingAccountTableViewCell.swift */,
				B743386326D8DF3B004BBC05 /* SettingAccountTableViewCell.xib */,
				B7FA199827B3A1F500C69D37 /* SettingSocialAccountTableViewCell.swift */,
				B7FA199927B3A1F500C69D37 /* SettingSocialAccountTableViewCell.xib */,
				B743386A26D90AEA004BBC05 /* Delete Account */,
				B743385D26D64AC6004BBC05 /* Language */,
				B7C2530326D535FE00ACBB84 /* Setting */,
				B779D94427B4CAEA008C8670 /* Verify Mobile */,
				B726645A27BA1B36005ABE90 /* Verify Password */,
				F688D83E2881597900DEAE40 /* Register Email */,
			);
			path = Cell;
			sourceTree = "<group>";
		};
		B7C252F626D50A1300ACBB84 /* ViewController */ = {
			isa = PBXGroup;
			children = (
				F688D83B2881582600DEAE40 /* Register Email */,
				B726645927BA1B24005ABE90 /* Verify Password */,
				B779D94127B4C83C008C8670 /* Verify Mobile */,
				B7C252C426D3946E00ACBB84 /* SettingViewController.swift */,
				B7C252F826D50A5C00ACBB84 /* LanguageViewController.swift */,
				B7C2531126D54A3E00ACBB84 /* SelectLanguageViewController.swift */,
				B743386026D8DCE7004BBC05 /* AccountSettingViewController.swift */,
				B743385E26D8DC38004BBC05 /* DeleteAccountViewController.swift */,
				B743386826D90695004BBC05 /* DeleteAccountDetailViewController.swift */,
				B743387926D920F0004BBC05 /* DeleteAccountSuccessViewController.swift */,
			);
			path = ViewController;
			sourceTree = "<group>";
		};
		B7C252F726D50A2100ACBB84 /* ViewModel */ = {
			isa = PBXGroup;
			children = (
				B7C252EB26D3C46B00ACBB84 /* SettingViewModel.swift */,
				B7C2530F26D5449B00ACBB84 /* LanguageViewModel.swift */,
				B7C2531326D54AA300ACBB84 /* SelectLanguageViewModel.swift */,
				B743386626D8E297004BBC05 /* AccountSettingViewModel.swift */,
				B7A11BF227B60DD200D00F3A /* VerifyMobileOtpViewModel.swift */,
				B726646D27BA4DF9005ABE90 /* RegisterPasswordOtpViewModel.swift */,
				F688D843288161F100DEAE40 /* RegisterEmailViewModel.swift */,
				B7B417A127CA802500EA82A8 /* DeleteAccountViewModel.swift */,
			);
			path = ViewModel;
			sourceTree = "<group>";
		};
		B7C252FA26D5302500ACBB84 /* Localizable */ = {
			isa = PBXGroup;
			children = (
				B7C252FB26D5308000ACBB84 /* Localizable.swift */,
				B7C2530126D530F800ACBB84 /* Localizable.strings */,
			);
			path = Localizable;
			sourceTree = "<group>";
		};
		B7C2530326D535FE00ACBB84 /* Setting */ = {
			isa = PBXGroup;
			children = (
				B7C252DB26D3AB0D00ACBB84 /* NotificationTableViewCell.swift */,
				B7C252DC26D3AB0D00ACBB84 /* NotificationTableViewCell.xib */,
				B7C252DF26D3B92E00ACBB84 /* VerifyTableViewCell.swift */,
				B7C252E026D3B92F00ACBB84 /* VerifyTableViewCell.xib */,
				B7C252E326D3BC7C00ACBB84 /* PageListTableViewCell.swift */,
				B7C252E426D3BC7C00ACBB84 /* PageListTableViewCell.xib */,
				B7C252E726D3BDBC00ACBB84 /* PageCollectionViewCell.swift */,
				B7C252E826D3BDBC00ACBB84 /* PageCollectionViewCell.xib */,
				B7C252ED26D3D2D000ACBB84 /* SettingTableViewCell.swift */,
				B7C252EE26D3D2D000ACBB84 /* SettingTableViewCell.xib */,
				B7C252F126D3E15800ACBB84 /* OtherTableViewCell.swift */,
				B7C252F226D3E15800ACBB84 /* OtherTableViewCell.xib */,
				B7866367274B8D1000B13EEF /* SocialTableViewCell.swift */,
				B7866368274B8D1000B13EEF /* SocialTableViewCell.xib */,
			);
			path = Setting;
			sourceTree = "<group>";
		};
		EA37D9F11EF0E5FE9778E44A /* Frameworks */ = {
			isa = PBXGroup;
			children = (
				B7B87C3327F193F3003284C6 /* Farming.framework */,
				B75E5B2427ABC2E600B6CC14 /* Ads.framework */,
				B7AF666726F4385800BDE9C4 /* Notification.framework */,
				B7AF660A26F24F5800BDE9C4 /* Profile.framework */,
				B74338A426DE33C4004BBC05 /* Authen.framework */,
				B74338A326DE310C004BBC05 /* Authen.framework */,
				B7C2531926D551DE00ACBB84 /* Authen.framework */,
				B7C252D226D395B400ACBB84 /* Networking.framework */,
				B7C252CF26D395AB00ACBB84 /* Component.framework */,
				B7C252CB26D395A500ACBB84 /* Core.framework */,
				33296E29F07D0AFE9916B159 /* Pods_Setting.framework */,
			);
			name = Frameworks;
			sourceTree = "<group>";
		};
		F688D83B2881582600DEAE40 /* Register Email */ = {
			isa = PBXGroup;
			children = (
				F688D83C288158EF00DEAE40 /* RegisterEmailViewController.swift */,
				F688D845288166BF00DEAE40 /* RegisterEmailSuccessViewController.swift */,
			);
			path = "Register Email";
			sourceTree = "<group>";
		};
		F688D83E2881597900DEAE40 /* Register Email */ = {
			isa = PBXGroup;
			children = (
				F688D83F288159A200DEAE40 /* RegisterEmailTableViewCell.swift */,
				F688D840288159A200DEAE40 /* RegisterEmailTableViewCell.xib */,
			);
			path = "Register Email";
			sourceTree = "<group>";
		};
/* End PBXGroup section */

/* Begin PBXHeadersBuildPhase section */
		B7C252AA26D3915400ACBB84 /* Headers */ = {
			isa = PBXHeadersBuildPhase;
			buildActionMask = 2147483647;
			files = (
				B7C252B426D3915400ACBB84 /* Setting.h in Headers */,
			);
			runOnlyForDeploymentPostprocessing = 0;
		};
/* End PBXHeadersBuildPhase section */

/* Begin PBXNativeTarget section */
		B7C252AE26D3915400ACBB84 /* Setting */ = {
			isa = PBXNativeTarget;
			buildConfigurationList = B7C252B726D3915400ACBB84 /* Build configuration list for PBXNativeTarget "Setting" */;
			buildPhases = (
				904F7715AF6C9C86AA7BEDBB /* [CP] Check Pods Manifest.lock */,
				B7C252AA26D3915400ACBB84 /* Headers */,
				B7C252AB26D3915400ACBB84 /* Sources */,
				B7C252AC26D3915400ACBB84 /* Frameworks */,
				B7C252AD26D3915400ACBB84 /* Resources */,
			);
			buildRules = (
			);
			dependencies = (
			);
			name = Setting;
			productName = Setting;
			productReference = B7C252AF26D3915400ACBB84 /* Setting.framework */;
			productType = "com.apple.product-type.framework";
		};
/* End PBXNativeTarget section */

/* Begin PBXProject section */
		B7C252A626D3915400ACBB84 /* Project object */ = {
			isa = PBXProject;
			attributes = {
				LastUpgradeCheck = 1310;
				TargetAttributes = {
					B7C252AE26D3915400ACBB84 = {
						CreatedOnToolsVersion = 12.5.1;
						LastSwiftMigration = 1250;
					};
				};
			};
			buildConfigurationList = B7C252A926D3915400ACBB84 /* Build configuration list for PBXProject "Setting" */;
			compatibilityVersion = "Xcode 9.3";
			developmentRegion = en;
			hasScannedForEncodings = 0;
			knownRegions = (
				en,
				Base,
				th,
			);
			mainGroup = B7C252A526D3915400ACBB84;
			productRefGroup = B7C252B026D3915400ACBB84 /* Products */;
			projectDirPath = "";
			projectRoot = "";
			targets = (
				B7C252AE26D3915400ACBB84 /* Setting */,
			);
		};
/* End PBXProject section */

/* Begin PBXResourcesBuildPhase section */
		B7C252AD26D3915400ACBB84 /* Resources */ = {
			isa = PBXResourcesBuildPhase;
			buildActionMask = 2147483647;
			files = (
				B7C2530726D5365D00ACBB84 /* AppLanguageTableViewCell.xib in Resources */,
				B743385C26D6453D004BBC05 /* PreferredLanguageTableViewCell.xib in Resources */,
				B743386E26D90B19004BBC05 /* ConfirmDeleteHeaderTableViewCell.xib in Resources */,
				B7C252EA26D3BDBC00ACBB84 /* PageCollectionViewCell.xib in Resources */,
				B743386526D8DF3B004BBC05 /* SettingAccountTableViewCell.xib in Resources */,
				B7C252DE26D3AB0D00ACBB84 /* NotificationTableViewCell.xib in Resources */,
				B7C2530B26D53CFC00ACBB84 /* AddPreferredLanguageTableViewCell.xib in Resources */,
				B7C252E226D3B92F00ACBB84 /* VerifyTableViewCell.xib in Resources */,
				B743387426D90DEA004BBC05 /* AccountListTableViewCell.xib in Resources */,
				B7C252E626D3BC7C00ACBB84 /* PageListTableViewCell.xib in Resources */,
				B7C252C326D3944E00ACBB84 /* Setting.storyboard in Resources */,
				B779D94827B4CB19008C8670 /* VerifyMobileTableViewCell.xib in Resources */,
				B7C2531826D54E9B00ACBB84 /* SelectLanguageTableViewCell.xib in Resources */,
				B726646627BA3708005ABE90 /* RegisterPasswordTableViewCell.xib in Resources */,
				B7C252FF26D530F800ACBB84 /* Localizable.strings in Resources */,
				B779D95527B4D659008C8670 /* Assets.xcassets in Resources */,
				B7FA199B27B3A1F500C69D37 /* SettingSocialAccountTableViewCell.xib in Resources */,
				B743387826D91CAB004BBC05 /* DeleteAccountPasswordTableViewCell.xib in Resources */,
				B726646A27BA3750005ABE90 /* RegisterPasswordOtpTableViewCell.xib in Resources */,
				B779D96127B510FA008C8670 /* VerifyMobileOtpTableViewCell.xib in Resources */,
				B7C252F026D3D2D000ACBB84 /* SettingTableViewCell.xib in Resources */,
				B7C252F426D3E15800ACBB84 /* OtherTableViewCell.xib in Resources */,
				B786636A274B8D1000B13EEF /* SocialTableViewCell.xib in Resources */,
				F688D842288159A200DEAE40 /* RegisterEmailTableViewCell.xib in Resources */,
			);
			runOnlyForDeploymentPostprocessing = 0;
		};
/* End PBXResourcesBuildPhase section */

/* Begin PBXShellScriptBuildPhase section */
		904F7715AF6C9C86AA7BEDBB /* [CP] Check Pods Manifest.lock */ = {
			isa = PBXShellScriptBuildPhase;
			buildActionMask = 2147483647;
			files = (
			);
			inputFileListPaths = (
			);
			inputPaths = (
				"${PODS_PODFILE_DIR_PATH}/Podfile.lock",
				"${PODS_ROOT}/Manifest.lock",
			);
			name = "[CP] Check Pods Manifest.lock";
			outputFileListPaths = (
			);
			outputPaths = (
				"$(DERIVED_FILE_DIR)/Pods-Setting-checkManifestLockResult.txt",
			);
			runOnlyForDeploymentPostprocessing = 0;
			shellPath = /bin/sh;
			shellScript = "diff \"${PODS_PODFILE_DIR_PATH}/Podfile.lock\" \"${PODS_ROOT}/Manifest.lock\" > /dev/null\nif [ $? != 0 ] ; then\n    # print error to STDERR\n    echo \"error: The sandbox is not in sync with the Podfile.lock. Run 'pod install' or update your CocoaPods installation.\" >&2\n    exit 1\nfi\n# This output is used by Xcode 'outputs' to avoid re-running this script phase.\necho \"SUCCESS\" > \"${SCRIPT_OUTPUT_FILE_0}\"\n";
			showEnvVarsInLog = 0;
		};
/* End PBXShellScriptBuildPhase section */

/* Begin PBXSourcesBuildPhase section */
		B7C252AB26D3915400ACBB84 /* Sources */ = {
			isa = PBXSourcesBuildPhase;
			buildActionMask = 2147483647;
			files = (
				B726645E27BA1BFF005ABE90 /* RegisterPasswordOtpViewController.swift in Sources */,
				B7C2531226D54A3E00ACBB84 /* SelectLanguageViewController.swift in Sources */,
				B743387326D90DEA004BBC05 /* AccountListTableViewCell.swift in Sources */,
				B7C2530626D5365D00ACBB84 /* AppLanguageTableViewCell.swift in Sources */,
				B779D96327B54948008C8670 /* VerifyMobileSuccessViewController.swift in Sources */,
				B7C252DD26D3AB0D00ACBB84 /* NotificationTableViewCell.swift in Sources */,
				B7C252E926D3BDBC00ACBB84 /* PageCollectionViewCell.swift in Sources */,
				B726646527BA3708005ABE90 /* RegisterPasswordTableViewCell.swift in Sources */,
				B726645C27BA1BE8005ABE90 /* RegisterPasswordViewController.swift in Sources */,
				B743386D26D90B19004BBC05 /* ConfirmDeleteHeaderTableViewCell.swift in Sources */,
				B7C252F326D3E15800ACBB84 /* OtherTableViewCell.swift in Sources */,
				B743386126D8DCE7004BBC05 /* AccountSettingViewController.swift in Sources */,
				B743385F26D8DC38004BBC05 /* DeleteAccountViewController.swift in Sources */,
				B7A11BF327B60DD200D00F3A /* VerifyMobileOtpViewModel.swift in Sources */,
				B7C2531026D5449B00ACBB84 /* LanguageViewModel.swift in Sources */,
				B779D94727B4CB19008C8670 /* VerifyMobileTableViewCell.swift in Sources */,
				B726646927BA3750005ABE90 /* RegisterPasswordOtpTableViewCell.swift in Sources */,
				F688D844288161F100DEAE40 /* RegisterEmailViewModel.swift in Sources */,
				B7B417A227CA802500EA82A8 /* DeleteAccountViewModel.swift in Sources */,
				B7C252EF26D3D2D000ACBB84 /* SettingTableViewCell.swift in Sources */,
				F688D846288166BF00DEAE40 /* RegisterEmailSuccessViewController.swift in Sources */,
				B7C2530A26D53CFC00ACBB84 /* AddPreferredLanguageTableViewCell.swift in Sources */,
				B7866369274B8D1000B13EEF /* SocialTableViewCell.swift in Sources */,
				B743386726D8E297004BBC05 /* AccountSettingViewModel.swift in Sources */,
				B743387726D91CAB004BBC05 /* DeleteAccountPasswordTableViewCell.swift in Sources */,
				B7C252C826D394F000ACBB84 /* SettingNibVars.swift in Sources */,
				B779D96027B510FA008C8670 /* VerifyMobileOtpTableViewCell.swift in Sources */,
				B7C252EC26D3C46B00ACBB84 /* SettingViewModel.swift in Sources */,
				B7FA199A27B3A1F500C69D37 /* SettingSocialAccountTableViewCell.swift in Sources */,
				B7C252E526D3BC7C00ACBB84 /* PageListTableViewCell.swift in Sources */,
				B7C2531426D54AA300ACBB84 /* SelectLanguageViewModel.swift in Sources */,
				B743386426D8DF3B004BBC05 /* SettingAccountTableViewCell.swift in Sources */,
				B7C252CA26D3950400ACBB84 /* SettingOpener.swift in Sources */,
				B743385B26D6453D004BBC05 /* PreferredLanguageTableViewCell.swift in Sources */,
				F688D83D288158EF00DEAE40 /* RegisterEmailViewController.swift in Sources */,
				B779D94327B4C92A008C8670 /* VerifyMobileViewController.swift in Sources */,
				B7C252F926D50A5C00ACBB84 /* LanguageViewController.swift in Sources */,
				B7C252C526D3946E00ACBB84 /* SettingViewController.swift in Sources */,
				B743386926D90695004BBC05 /* DeleteAccountDetailViewController.swift in Sources */,
				B726646E27BA4DFA005ABE90 /* RegisterPasswordOtpViewModel.swift in Sources */,
				F688D841288159A200DEAE40 /* RegisterEmailTableViewCell.swift in Sources */,
				B779D95727B4F36B008C8670 /* VerifyMobileOtpViewController.swift in Sources */,
				B7C252FC26D5308000ACBB84 /* Localizable.swift in Sources */,
				B7C252E126D3B92F00ACBB84 /* VerifyTableViewCell.swift in Sources */,
				B7C2531726D54E9B00ACBB84 /* SelectLanguageTableViewCell.swift in Sources */,
				B743387A26D920F0004BBC05 /* DeleteAccountSuccessViewController.swift in Sources */,
			);
			runOnlyForDeploymentPostprocessing = 0;
		};
/* End PBXSourcesBuildPhase section */

/* Begin PBXVariantGroup section */
		B7C2530126D530F800ACBB84 /* Localizable.strings */ = {
			isa = PBXVariantGroup;
			children = (
				B7C2530026D530F800ACBB84 /* en */,
				B7C2530226D5314200ACBB84 /* th */,
			);
			name = Localizable.strings;
			sourceTree = "<group>";
		};
/* End PBXVariantGroup section */

/* Begin XCBuildConfiguration section */
		B7C252B526D3915400ACBB84 /* Debug (Production) */ = {
			isa = XCBuildConfiguration;
			buildSettings = {
				ALWAYS_SEARCH_USER_PATHS = NO;
				CLANG_ANALYZER_LOCALIZABILITY_NONLOCALIZED = YES;
				CLANG_ANALYZER_NONNULL = YES;
				CLANG_ANALYZER_NUMBER_OBJECT_CONVERSION = YES_AGGRESSIVE;
				CLANG_CXX_LANGUAGE_STANDARD = "gnu++14";
				CLANG_CXX_LIBRARY = "libc++";
				CLANG_ENABLE_MODULES = YES;
				CLANG_ENABLE_OBJC_ARC = YES;
				CLANG_ENABLE_OBJC_WEAK = YES;
				CLANG_WARN_BLOCK_CAPTURE_AUTORELEASING = YES;
				CLANG_WARN_BOOL_CONVERSION = YES;
				CLANG_WARN_COMMA = YES;
				CLANG_WARN_CONSTANT_CONVERSION = YES;
				CLANG_WARN_DEPRECATED_OBJC_IMPLEMENTATIONS = YES;
				CLANG_WARN_DIRECT_OBJC_ISA_USAGE = YES_ERROR;
				CLANG_WARN_DOCUMENTATION_COMMENTS = YES;
				CLANG_WARN_EMPTY_BODY = YES;
				CLANG_WARN_ENUM_CONVERSION = YES;
				CLANG_WARN_INFINITE_RECURSION = YES;
				CLANG_WARN_INT_CONVERSION = YES;
				CLANG_WARN_NON_LITERAL_NULL_CONVERSION = YES;
				CLANG_WARN_OBJC_IMPLICIT_RETAIN_SELF = YES;
				CLANG_WARN_OBJC_LITERAL_CONVERSION = YES;
				CLANG_WARN_OBJC_ROOT_CLASS = YES_ERROR;
				CLANG_WARN_QUOTED_INCLUDE_IN_FRAMEWORK_HEADER = YES;
				CLANG_WARN_RANGE_LOOP_ANALYSIS = YES;
				CLANG_WARN_STRICT_PROTOTYPES = YES;
				CLANG_WARN_SUSPICIOUS_MOVE = YES;
				CLANG_WARN_UNGUARDED_AVAILABILITY = YES_AGGRESSIVE;
				CLANG_WARN_UNREACHABLE_CODE = YES;
				CLANG_WARN__DUPLICATE_METHOD_MATCH = YES;
				COPY_PHASE_STRIP = NO;
				CURRENT_PROJECT_VERSION = 1;
				DEBUG_INFORMATION_FORMAT = dwarf;
				ENABLE_BITCODE = NO;
				ENABLE_STRICT_OBJC_MSGSEND = YES;
				ENABLE_TESTABILITY = YES;
				GCC_C_LANGUAGE_STANDARD = gnu11;
				GCC_DYNAMIC_NO_PIC = NO;
				GCC_NO_COMMON_BLOCKS = YES;
				GCC_OPTIMIZATION_LEVEL = 0;
				GCC_PREPROCESSOR_DEFINITIONS = (
					"DEBUG=1",
					"$(inherited)",
				);
				GCC_WARN_64_TO_32_BIT_CONVERSION = YES;
				GCC_WARN_ABOUT_RETURN_TYPE = YES_ERROR;
				GCC_WARN_UNDECLARED_SELECTOR = YES;
				GCC_WARN_UNINITIALIZED_AUTOS = YES_AGGRESSIVE;
				GCC_WARN_UNUSED_FUNCTION = YES;
				GCC_WARN_UNUSED_VARIABLE = YES;
				IPHONEOS_DEPLOYMENT_TARGET = 13.0;
				MTL_ENABLE_DEBUG_INFO = INCLUDE_SOURCE;
				MTL_FAST_MATH = YES;
				ONLY_ACTIVE_ARCH = YES;
				SDKROOT = iphoneos;
				SWIFT_ACTIVE_COMPILATION_CONDITIONS = DEBUG;
				SWIFT_OPTIMIZATION_LEVEL = "-Onone";
				VERSIONING_SYSTEM = "apple-generic";
				VERSION_INFO_PREFIX = "";
			};
			name = "Debug (Production)";
		};
		B7C252B626D3915400ACBB84 /* Release (Production) */ = {
			isa = XCBuildConfiguration;
			buildSettings = {
				ALWAYS_SEARCH_USER_PATHS = NO;
				CLANG_ANALYZER_LOCALIZABILITY_NONLOCALIZED = YES;
				CLANG_ANALYZER_NONNULL = YES;
				CLANG_ANALYZER_NUMBER_OBJECT_CONVERSION = YES_AGGRESSIVE;
				CLANG_CXX_LANGUAGE_STANDARD = "gnu++14";
				CLANG_CXX_LIBRARY = "libc++";
				CLANG_ENABLE_MODULES = YES;
				CLANG_ENABLE_OBJC_ARC = YES;
				CLANG_ENABLE_OBJC_WEAK = YES;
				CLANG_WARN_BLOCK_CAPTURE_AUTORELEASING = YES;
				CLANG_WARN_BOOL_CONVERSION = YES;
				CLANG_WARN_COMMA = YES;
				CLANG_WARN_CONSTANT_CONVERSION = YES;
				CLANG_WARN_DEPRECATED_OBJC_IMPLEMENTATIONS = YES;
				CLANG_WARN_DIRECT_OBJC_ISA_USAGE = YES_ERROR;
				CLANG_WARN_DOCUMENTATION_COMMENTS = YES;
				CLANG_WARN_EMPTY_BODY = YES;
				CLANG_WARN_ENUM_CONVERSION = YES;
				CLANG_WARN_INFINITE_RECURSION = YES;
				CLANG_WARN_INT_CONVERSION = YES;
				CLANG_WARN_NON_LITERAL_NULL_CONVERSION = YES;
				CLANG_WARN_OBJC_IMPLICIT_RETAIN_SELF = YES;
				CLANG_WARN_OBJC_LITERAL_CONVERSION = YES;
				CLANG_WARN_OBJC_ROOT_CLASS = YES_ERROR;
				CLANG_WARN_QUOTED_INCLUDE_IN_FRAMEWORK_HEADER = YES;
				CLANG_WARN_RANGE_LOOP_ANALYSIS = YES;
				CLANG_WARN_STRICT_PROTOTYPES = YES;
				CLANG_WARN_SUSPICIOUS_MOVE = YES;
				CLANG_WARN_UNGUARDED_AVAILABILITY = YES_AGGRESSIVE;
				CLANG_WARN_UNREACHABLE_CODE = YES;
				CLANG_WARN__DUPLICATE_METHOD_MATCH = YES;
				COPY_PHASE_STRIP = NO;
				CURRENT_PROJECT_VERSION = 1;
				DEBUG_INFORMATION_FORMAT = "dwarf-with-dsym";
				ENABLE_BITCODE = NO;
				ENABLE_NS_ASSERTIONS = NO;
				ENABLE_STRICT_OBJC_MSGSEND = YES;
				GCC_C_LANGUAGE_STANDARD = gnu11;
				GCC_NO_COMMON_BLOCKS = YES;
				GCC_WARN_64_TO_32_BIT_CONVERSION = YES;
				GCC_WARN_ABOUT_RETURN_TYPE = YES_ERROR;
				GCC_WARN_UNDECLARED_SELECTOR = YES;
				GCC_WARN_UNINITIALIZED_AUTOS = YES_AGGRESSIVE;
				GCC_WARN_UNUSED_FUNCTION = YES;
				GCC_WARN_UNUSED_VARIABLE = YES;
				IPHONEOS_DEPLOYMENT_TARGET = 13.0;
				MTL_ENABLE_DEBUG_INFO = NO;
				MTL_FAST_MATH = YES;
				SDKROOT = iphoneos;
				SWIFT_COMPILATION_MODE = wholemodule;
				SWIFT_OPTIMIZATION_LEVEL = "-O";
				VALIDATE_PRODUCT = YES;
				VERSIONING_SYSTEM = "apple-generic";
				VERSION_INFO_PREFIX = "";
			};
			name = "Release (Production)";
		};
		B7C252B826D3915400ACBB84 /* Debug (Production) */ = {
			isa = XCBuildConfiguration;
			baseConfigurationReference = 924112A5A38EDF92FF5817E9 /* Pods-Setting.debug (production).xcconfig */;
			buildSettings = {
				CLANG_ENABLE_MODULES = YES;
				CODE_SIGN_STYLE = Automatic;
				DEFINES_MODULE = YES;
				DYLIB_COMPATIBILITY_VERSION = 1;
				DYLIB_CURRENT_VERSION = 1;
				DYLIB_INSTALL_NAME_BASE = "@rpath";
				INFOPLIST_FILE = Setting/Info.plist;
				INSTALL_PATH = "$(LOCAL_LIBRARY_DIR)/Frameworks";
				LD_RUNPATH_SEARCH_PATHS = (
					"$(inherited)",
					"@executable_path/Frameworks",
					"@loader_path/Frameworks",
				);
				PRODUCT_BUNDLE_IDENTIFIER = com.castcle.Setting;
				PRODUCT_NAME = "$(TARGET_NAME:c99extidentifier)";
				SKIP_INSTALL = YES;
				SWIFT_OPTIMIZATION_LEVEL = "-Onone";
				SWIFT_VERSION = 5.0;
				TARGETED_DEVICE_FAMILY = "1,2";
			};
			name = "Debug (Production)";
		};
		B7C252B926D3915400ACBB84 /* Release (Production) */ = {
			isa = XCBuildConfiguration;
			baseConfigurationReference = F927926DEE6C1B58E72F9815 /* Pods-Setting.release (production).xcconfig */;
			buildSettings = {
				CLANG_ENABLE_MODULES = YES;
				CODE_SIGN_STYLE = Automatic;
				DEFINES_MODULE = YES;
				DYLIB_COMPATIBILITY_VERSION = 1;
				DYLIB_CURRENT_VERSION = 1;
				DYLIB_INSTALL_NAME_BASE = "@rpath";
				INFOPLIST_FILE = Setting/Info.plist;
				INSTALL_PATH = "$(LOCAL_LIBRARY_DIR)/Frameworks";
				LD_RUNPATH_SEARCH_PATHS = (
					"$(inherited)",
					"@executable_path/Frameworks",
					"@loader_path/Frameworks",
				);
				PRODUCT_BUNDLE_IDENTIFIER = com.castcle.Setting;
				PRODUCT_NAME = "$(TARGET_NAME:c99extidentifier)";
				SKIP_INSTALL = YES;
				SWIFT_VERSION = 5.0;
				TARGETED_DEVICE_FAMILY = "1,2";
			};
			name = "Release (Production)";
		};
		B7C252BA26D391CB00ACBB84 /* Debug (Staging) */ = {
			isa = XCBuildConfiguration;
			buildSettings = {
				ALWAYS_SEARCH_USER_PATHS = NO;
				CLANG_ANALYZER_LOCALIZABILITY_NONLOCALIZED = YES;
				CLANG_ANALYZER_NONNULL = YES;
				CLANG_ANALYZER_NUMBER_OBJECT_CONVERSION = YES_AGGRESSIVE;
				CLANG_CXX_LANGUAGE_STANDARD = "gnu++14";
				CLANG_CXX_LIBRARY = "libc++";
				CLANG_ENABLE_MODULES = YES;
				CLANG_ENABLE_OBJC_ARC = YES;
				CLANG_ENABLE_OBJC_WEAK = YES;
				CLANG_WARN_BLOCK_CAPTURE_AUTORELEASING = YES;
				CLANG_WARN_BOOL_CONVERSION = YES;
				CLANG_WARN_COMMA = YES;
				CLANG_WARN_CONSTANT_CONVERSION = YES;
				CLANG_WARN_DEPRECATED_OBJC_IMPLEMENTATIONS = YES;
				CLANG_WARN_DIRECT_OBJC_ISA_USAGE = YES_ERROR;
				CLANG_WARN_DOCUMENTATION_COMMENTS = YES;
				CLANG_WARN_EMPTY_BODY = YES;
				CLANG_WARN_ENUM_CONVERSION = YES;
				CLANG_WARN_INFINITE_RECURSION = YES;
				CLANG_WARN_INT_CONVERSION = YES;
				CLANG_WARN_NON_LITERAL_NULL_CONVERSION = YES;
				CLANG_WARN_OBJC_IMPLICIT_RETAIN_SELF = YES;
				CLANG_WARN_OBJC_LITERAL_CONVERSION = YES;
				CLANG_WARN_OBJC_ROOT_CLASS = YES_ERROR;
				CLANG_WARN_QUOTED_INCLUDE_IN_FRAMEWORK_HEADER = YES;
				CLANG_WARN_RANGE_LOOP_ANALYSIS = YES;
				CLANG_WARN_STRICT_PROTOTYPES = YES;
				CLANG_WARN_SUSPICIOUS_MOVE = YES;
				CLANG_WARN_UNGUARDED_AVAILABILITY = YES_AGGRESSIVE;
				CLANG_WARN_UNREACHABLE_CODE = YES;
				CLANG_WARN__DUPLICATE_METHOD_MATCH = YES;
				COPY_PHASE_STRIP = NO;
				CURRENT_PROJECT_VERSION = 1;
				DEBUG_INFORMATION_FORMAT = dwarf;
				ENABLE_BITCODE = NO;
				ENABLE_STRICT_OBJC_MSGSEND = YES;
				ENABLE_TESTABILITY = YES;
				GCC_C_LANGUAGE_STANDARD = gnu11;
				GCC_DYNAMIC_NO_PIC = NO;
				GCC_NO_COMMON_BLOCKS = YES;
				GCC_OPTIMIZATION_LEVEL = 0;
				GCC_PREPROCESSOR_DEFINITIONS = (
					"DEBUG=1",
					"$(inherited)",
				);
				GCC_WARN_64_TO_32_BIT_CONVERSION = YES;
				GCC_WARN_ABOUT_RETURN_TYPE = YES_ERROR;
				GCC_WARN_UNDECLARED_SELECTOR = YES;
				GCC_WARN_UNINITIALIZED_AUTOS = YES_AGGRESSIVE;
				GCC_WARN_UNUSED_FUNCTION = YES;
				GCC_WARN_UNUSED_VARIABLE = YES;
				IPHONEOS_DEPLOYMENT_TARGET = 13.0;
				MTL_ENABLE_DEBUG_INFO = INCLUDE_SOURCE;
				MTL_FAST_MATH = YES;
				ONLY_ACTIVE_ARCH = YES;
				SDKROOT = iphoneos;
				SWIFT_ACTIVE_COMPILATION_CONDITIONS = DEBUG;
				SWIFT_OPTIMIZATION_LEVEL = "-Onone";
				VERSIONING_SYSTEM = "apple-generic";
				VERSION_INFO_PREFIX = "";
			};
			name = "Debug (Staging)";
		};
		B7C252BB26D391CB00ACBB84 /* Debug (Staging) */ = {
			isa = XCBuildConfiguration;
			baseConfigurationReference = BAC4AC43122933957DEFA40F /* Pods-Setting.debug (staging).xcconfig */;
			buildSettings = {
				CLANG_ENABLE_MODULES = YES;
				CODE_SIGN_STYLE = Automatic;
				DEFINES_MODULE = YES;
				DYLIB_COMPATIBILITY_VERSION = 1;
				DYLIB_CURRENT_VERSION = 1;
				DYLIB_INSTALL_NAME_BASE = "@rpath";
				INFOPLIST_FILE = Setting/Info.plist;
				INSTALL_PATH = "$(LOCAL_LIBRARY_DIR)/Frameworks";
				LD_RUNPATH_SEARCH_PATHS = (
					"$(inherited)",
					"@executable_path/Frameworks",
					"@loader_path/Frameworks",
				);
				PRODUCT_BUNDLE_IDENTIFIER = com.castcle.Setting;
				PRODUCT_NAME = "$(TARGET_NAME:c99extidentifier)";
				SKIP_INSTALL = YES;
				SWIFT_OPTIMIZATION_LEVEL = "-Onone";
				SWIFT_VERSION = 5.0;
				TARGETED_DEVICE_FAMILY = "1,2";
			};
			name = "Debug (Staging)";
		};
		B7C252BC26D391CE00ACBB84 /* Debug (Development) */ = {
			isa = XCBuildConfiguration;
			buildSettings = {
				ALWAYS_SEARCH_USER_PATHS = NO;
				CLANG_ANALYZER_LOCALIZABILITY_NONLOCALIZED = YES;
				CLANG_ANALYZER_NONNULL = YES;
				CLANG_ANALYZER_NUMBER_OBJECT_CONVERSION = YES_AGGRESSIVE;
				CLANG_CXX_LANGUAGE_STANDARD = "gnu++14";
				CLANG_CXX_LIBRARY = "libc++";
				CLANG_ENABLE_MODULES = YES;
				CLANG_ENABLE_OBJC_ARC = YES;
				CLANG_ENABLE_OBJC_WEAK = YES;
				CLANG_WARN_BLOCK_CAPTURE_AUTORELEASING = YES;
				CLANG_WARN_BOOL_CONVERSION = YES;
				CLANG_WARN_COMMA = YES;
				CLANG_WARN_CONSTANT_CONVERSION = YES;
				CLANG_WARN_DEPRECATED_OBJC_IMPLEMENTATIONS = YES;
				CLANG_WARN_DIRECT_OBJC_ISA_USAGE = YES_ERROR;
				CLANG_WARN_DOCUMENTATION_COMMENTS = YES;
				CLANG_WARN_EMPTY_BODY = YES;
				CLANG_WARN_ENUM_CONVERSION = YES;
				CLANG_WARN_INFINITE_RECURSION = YES;
				CLANG_WARN_INT_CONVERSION = YES;
				CLANG_WARN_NON_LITERAL_NULL_CONVERSION = YES;
				CLANG_WARN_OBJC_IMPLICIT_RETAIN_SELF = YES;
				CLANG_WARN_OBJC_LITERAL_CONVERSION = YES;
				CLANG_WARN_OBJC_ROOT_CLASS = YES_ERROR;
				CLANG_WARN_QUOTED_INCLUDE_IN_FRAMEWORK_HEADER = YES;
				CLANG_WARN_RANGE_LOOP_ANALYSIS = YES;
				CLANG_WARN_STRICT_PROTOTYPES = YES;
				CLANG_WARN_SUSPICIOUS_MOVE = YES;
				CLANG_WARN_UNGUARDED_AVAILABILITY = YES_AGGRESSIVE;
				CLANG_WARN_UNREACHABLE_CODE = YES;
				CLANG_WARN__DUPLICATE_METHOD_MATCH = YES;
				COPY_PHASE_STRIP = NO;
				CURRENT_PROJECT_VERSION = 1;
				DEBUG_INFORMATION_FORMAT = dwarf;
				ENABLE_BITCODE = NO;
				ENABLE_STRICT_OBJC_MSGSEND = YES;
				ENABLE_TESTABILITY = YES;
				GCC_C_LANGUAGE_STANDARD = gnu11;
				GCC_DYNAMIC_NO_PIC = NO;
				GCC_NO_COMMON_BLOCKS = YES;
				GCC_OPTIMIZATION_LEVEL = 0;
				GCC_PREPROCESSOR_DEFINITIONS = (
					"DEBUG=1",
					"$(inherited)",
				);
				GCC_WARN_64_TO_32_BIT_CONVERSION = YES;
				GCC_WARN_ABOUT_RETURN_TYPE = YES_ERROR;
				GCC_WARN_UNDECLARED_SELECTOR = YES;
				GCC_WARN_UNINITIALIZED_AUTOS = YES_AGGRESSIVE;
				GCC_WARN_UNUSED_FUNCTION = YES;
				GCC_WARN_UNUSED_VARIABLE = YES;
				IPHONEOS_DEPLOYMENT_TARGET = 13.0;
				MTL_ENABLE_DEBUG_INFO = INCLUDE_SOURCE;
				MTL_FAST_MATH = YES;
				ONLY_ACTIVE_ARCH = YES;
				SDKROOT = iphoneos;
				SWIFT_ACTIVE_COMPILATION_CONDITIONS = DEBUG;
				SWIFT_OPTIMIZATION_LEVEL = "-Onone";
				VERSIONING_SYSTEM = "apple-generic";
				VERSION_INFO_PREFIX = "";
			};
			name = "Debug (Development)";
		};
		B7C252BD26D391CE00ACBB84 /* Debug (Development) */ = {
			isa = XCBuildConfiguration;
			baseConfigurationReference = 55E51CBABC07E88940856F42 /* Pods-Setting.debug (development).xcconfig */;
			buildSettings = {
				CLANG_ENABLE_MODULES = YES;
				CODE_SIGN_STYLE = Automatic;
				DEFINES_MODULE = YES;
				DYLIB_COMPATIBILITY_VERSION = 1;
				DYLIB_CURRENT_VERSION = 1;
				DYLIB_INSTALL_NAME_BASE = "@rpath";
				INFOPLIST_FILE = Setting/Info.plist;
				INSTALL_PATH = "$(LOCAL_LIBRARY_DIR)/Frameworks";
				LD_RUNPATH_SEARCH_PATHS = (
					"$(inherited)",
					"@executable_path/Frameworks",
					"@loader_path/Frameworks",
				);
				PRODUCT_BUNDLE_IDENTIFIER = com.castcle.Setting;
				PRODUCT_NAME = "$(TARGET_NAME:c99extidentifier)";
				SKIP_INSTALL = YES;
				SWIFT_OPTIMIZATION_LEVEL = "-Onone";
				SWIFT_VERSION = 5.0;
				TARGETED_DEVICE_FAMILY = "1,2";
			};
			name = "Debug (Development)";
		};
		B7C252BE26D391D100ACBB84 /* Release (Staging) */ = {
			isa = XCBuildConfiguration;
			buildSettings = {
				ALWAYS_SEARCH_USER_PATHS = NO;
				CLANG_ANALYZER_LOCALIZABILITY_NONLOCALIZED = YES;
				CLANG_ANALYZER_NONNULL = YES;
				CLANG_ANALYZER_NUMBER_OBJECT_CONVERSION = YES_AGGRESSIVE;
				CLANG_CXX_LANGUAGE_STANDARD = "gnu++14";
				CLANG_CXX_LIBRARY = "libc++";
				CLANG_ENABLE_MODULES = YES;
				CLANG_ENABLE_OBJC_ARC = YES;
				CLANG_ENABLE_OBJC_WEAK = YES;
				CLANG_WARN_BLOCK_CAPTURE_AUTORELEASING = YES;
				CLANG_WARN_BOOL_CONVERSION = YES;
				CLANG_WARN_COMMA = YES;
				CLANG_WARN_CONSTANT_CONVERSION = YES;
				CLANG_WARN_DEPRECATED_OBJC_IMPLEMENTATIONS = YES;
				CLANG_WARN_DIRECT_OBJC_ISA_USAGE = YES_ERROR;
				CLANG_WARN_DOCUMENTATION_COMMENTS = YES;
				CLANG_WARN_EMPTY_BODY = YES;
				CLANG_WARN_ENUM_CONVERSION = YES;
				CLANG_WARN_INFINITE_RECURSION = YES;
				CLANG_WARN_INT_CONVERSION = YES;
				CLANG_WARN_NON_LITERAL_NULL_CONVERSION = YES;
				CLANG_WARN_OBJC_IMPLICIT_RETAIN_SELF = YES;
				CLANG_WARN_OBJC_LITERAL_CONVERSION = YES;
				CLANG_WARN_OBJC_ROOT_CLASS = YES_ERROR;
				CLANG_WARN_QUOTED_INCLUDE_IN_FRAMEWORK_HEADER = YES;
				CLANG_WARN_RANGE_LOOP_ANALYSIS = YES;
				CLANG_WARN_STRICT_PROTOTYPES = YES;
				CLANG_WARN_SUSPICIOUS_MOVE = YES;
				CLANG_WARN_UNGUARDED_AVAILABILITY = YES_AGGRESSIVE;
				CLANG_WARN_UNREACHABLE_CODE = YES;
				CLANG_WARN__DUPLICATE_METHOD_MATCH = YES;
				COPY_PHASE_STRIP = NO;
				CURRENT_PROJECT_VERSION = 1;
				DEBUG_INFORMATION_FORMAT = "dwarf-with-dsym";
				ENABLE_BITCODE = NO;
				ENABLE_NS_ASSERTIONS = NO;
				ENABLE_STRICT_OBJC_MSGSEND = YES;
				GCC_C_LANGUAGE_STANDARD = gnu11;
				GCC_NO_COMMON_BLOCKS = YES;
				GCC_WARN_64_TO_32_BIT_CONVERSION = YES;
				GCC_WARN_ABOUT_RETURN_TYPE = YES_ERROR;
				GCC_WARN_UNDECLARED_SELECTOR = YES;
				GCC_WARN_UNINITIALIZED_AUTOS = YES_AGGRESSIVE;
				GCC_WARN_UNUSED_FUNCTION = YES;
				GCC_WARN_UNUSED_VARIABLE = YES;
				IPHONEOS_DEPLOYMENT_TARGET = 13.0;
				MTL_ENABLE_DEBUG_INFO = NO;
				MTL_FAST_MATH = YES;
				SDKROOT = iphoneos;
				SWIFT_COMPILATION_MODE = wholemodule;
				SWIFT_OPTIMIZATION_LEVEL = "-O";
				VALIDATE_PRODUCT = YES;
				VERSIONING_SYSTEM = "apple-generic";
				VERSION_INFO_PREFIX = "";
			};
			name = "Release (Staging)";
		};
		B7C252BF26D391D100ACBB84 /* Release (Staging) */ = {
			isa = XCBuildConfiguration;
			baseConfigurationReference = D4FC7016B0A506343C03F43A /* Pods-Setting.release (staging).xcconfig */;
			buildSettings = {
				CLANG_ENABLE_MODULES = YES;
				CODE_SIGN_STYLE = Automatic;
				DEFINES_MODULE = YES;
				DYLIB_COMPATIBILITY_VERSION = 1;
				DYLIB_CURRENT_VERSION = 1;
				DYLIB_INSTALL_NAME_BASE = "@rpath";
				INFOPLIST_FILE = Setting/Info.plist;
				INSTALL_PATH = "$(LOCAL_LIBRARY_DIR)/Frameworks";
				LD_RUNPATH_SEARCH_PATHS = (
					"$(inherited)",
					"@executable_path/Frameworks",
					"@loader_path/Frameworks",
				);
				PRODUCT_BUNDLE_IDENTIFIER = com.castcle.Setting;
				PRODUCT_NAME = "$(TARGET_NAME:c99extidentifier)";
				SKIP_INSTALL = YES;
				SWIFT_VERSION = 5.0;
				TARGETED_DEVICE_FAMILY = "1,2";
			};
			name = "Release (Staging)";
		};
		B7C252C026D391D300ACBB84 /* Release (Development) */ = {
			isa = XCBuildConfiguration;
			buildSettings = {
				ALWAYS_SEARCH_USER_PATHS = NO;
				CLANG_ANALYZER_LOCALIZABILITY_NONLOCALIZED = YES;
				CLANG_ANALYZER_NONNULL = YES;
				CLANG_ANALYZER_NUMBER_OBJECT_CONVERSION = YES_AGGRESSIVE;
				CLANG_CXX_LANGUAGE_STANDARD = "gnu++14";
				CLANG_CXX_LIBRARY = "libc++";
				CLANG_ENABLE_MODULES = YES;
				CLANG_ENABLE_OBJC_ARC = YES;
				CLANG_ENABLE_OBJC_WEAK = YES;
				CLANG_WARN_BLOCK_CAPTURE_AUTORELEASING = YES;
				CLANG_WARN_BOOL_CONVERSION = YES;
				CLANG_WARN_COMMA = YES;
				CLANG_WARN_CONSTANT_CONVERSION = YES;
				CLANG_WARN_DEPRECATED_OBJC_IMPLEMENTATIONS = YES;
				CLANG_WARN_DIRECT_OBJC_ISA_USAGE = YES_ERROR;
				CLANG_WARN_DOCUMENTATION_COMMENTS = YES;
				CLANG_WARN_EMPTY_BODY = YES;
				CLANG_WARN_ENUM_CONVERSION = YES;
				CLANG_WARN_INFINITE_RECURSION = YES;
				CLANG_WARN_INT_CONVERSION = YES;
				CLANG_WARN_NON_LITERAL_NULL_CONVERSION = YES;
				CLANG_WARN_OBJC_IMPLICIT_RETAIN_SELF = YES;
				CLANG_WARN_OBJC_LITERAL_CONVERSION = YES;
				CLANG_WARN_OBJC_ROOT_CLASS = YES_ERROR;
				CLANG_WARN_QUOTED_INCLUDE_IN_FRAMEWORK_HEADER = YES;
				CLANG_WARN_RANGE_LOOP_ANALYSIS = YES;
				CLANG_WARN_STRICT_PROTOTYPES = YES;
				CLANG_WARN_SUSPICIOUS_MOVE = YES;
				CLANG_WARN_UNGUARDED_AVAILABILITY = YES_AGGRESSIVE;
				CLANG_WARN_UNREACHABLE_CODE = YES;
				CLANG_WARN__DUPLICATE_METHOD_MATCH = YES;
				COPY_PHASE_STRIP = NO;
				CURRENT_PROJECT_VERSION = 1;
				DEBUG_INFORMATION_FORMAT = "dwarf-with-dsym";
				ENABLE_BITCODE = NO;
				ENABLE_NS_ASSERTIONS = NO;
				ENABLE_STRICT_OBJC_MSGSEND = YES;
				ENABLE_TESTABILITY = YES;
				GCC_C_LANGUAGE_STANDARD = gnu11;
				GCC_NO_COMMON_BLOCKS = YES;
				GCC_WARN_64_TO_32_BIT_CONVERSION = YES;
				GCC_WARN_ABOUT_RETURN_TYPE = YES_ERROR;
				GCC_WARN_UNDECLARED_SELECTOR = YES;
				GCC_WARN_UNINITIALIZED_AUTOS = YES_AGGRESSIVE;
				GCC_WARN_UNUSED_FUNCTION = YES;
				GCC_WARN_UNUSED_VARIABLE = YES;
				IPHONEOS_DEPLOYMENT_TARGET = 13.0;
				MTL_ENABLE_DEBUG_INFO = NO;
				MTL_FAST_MATH = YES;
				ONLY_ACTIVE_ARCH = YES;
				SDKROOT = iphoneos;
				SWIFT_COMPILATION_MODE = wholemodule;
				SWIFT_OPTIMIZATION_LEVEL = "-O";
				VALIDATE_PRODUCT = YES;
				VERSIONING_SYSTEM = "apple-generic";
				VERSION_INFO_PREFIX = "";
			};
			name = "Release (Development)";
		};
		B7C252C126D391D300ACBB84 /* Release (Development) */ = {
			isa = XCBuildConfiguration;
			baseConfigurationReference = EB4AF3FA989FF6A4FEDDBE20 /* Pods-Setting.release (development).xcconfig */;
			buildSettings = {
				CLANG_ENABLE_MODULES = YES;
				CODE_SIGN_STYLE = Automatic;
				DEFINES_MODULE = YES;
				DYLIB_COMPATIBILITY_VERSION = 1;
				DYLIB_CURRENT_VERSION = 1;
				DYLIB_INSTALL_NAME_BASE = "@rpath";
				INFOPLIST_FILE = Setting/Info.plist;
				INSTALL_PATH = "$(LOCAL_LIBRARY_DIR)/Frameworks";
				LD_RUNPATH_SEARCH_PATHS = (
					"$(inherited)",
					"@executable_path/Frameworks",
					"@loader_path/Frameworks",
				);
				PRODUCT_BUNDLE_IDENTIFIER = com.castcle.Setting;
				PRODUCT_NAME = "$(TARGET_NAME:c99extidentifier)";
				SKIP_INSTALL = YES;
				SWIFT_VERSION = 5.0;
				TARGETED_DEVICE_FAMILY = "1,2";
			};
			name = "Release (Development)";
		};
/* End XCBuildConfiguration section */

/* Begin XCConfigurationList section */
		B7C252A926D3915400ACBB84 /* Build configuration list for PBXProject "Setting" */ = {
			isa = XCConfigurationList;
			buildConfigurations = (
				B7C252B526D3915400ACBB84 /* Debug (Production) */,
				B7C252BA26D391CB00ACBB84 /* Debug (Staging) */,
				B7C252BC26D391CE00ACBB84 /* Debug (Development) */,
				B7C252B626D3915400ACBB84 /* Release (Production) */,
				B7C252BE26D391D100ACBB84 /* Release (Staging) */,
				B7C252C026D391D300ACBB84 /* Release (Development) */,
			);
			defaultConfigurationIsVisible = 0;
			defaultConfigurationName = "Release (Production)";
		};
		B7C252B726D3915400ACBB84 /* Build configuration list for PBXNativeTarget "Setting" */ = {
			isa = XCConfigurationList;
			buildConfigurations = (
				B7C252B826D3915400ACBB84 /* Debug (Production) */,
				B7C252BB26D391CB00ACBB84 /* Debug (Staging) */,
				B7C252BD26D391CE00ACBB84 /* Debug (Development) */,
				B7C252B926D3915400ACBB84 /* Release (Production) */,
				B7C252BF26D391D100ACBB84 /* Release (Staging) */,
				B7C252C126D391D300ACBB84 /* Release (Development) */,
			);
			defaultConfigurationIsVisible = 0;
			defaultConfigurationName = "Release (Production)";
		};
/* End XCConfigurationList section */
	};
	rootObject = B7C252A626D3915400ACBB84 /* Project object */;
}
